// !$*UTF8*$!
{
	archiveVersion = 1;
	classes = {
	};
	objectVersion = 50;
	objects = {

/* Begin PBXBuildFile section */
		A8FCD58222800AEA001D0E5E /* AppDelegate.m in Sources */ = {isa = PBXBuildFile; fileRef = A8FCD58122800AEA001D0E5E /* AppDelegate.m */; };
		A8FCD58522800AEA001D0E5E /* ViewController.m in Sources */ = {isa = PBXBuildFile; fileRef = A8FCD58422800AEA001D0E5E /* ViewController.m */; };
		A8FCD58822800AEA001D0E5E /* Main.storyboard in Resources */ = {isa = PBXBuildFile; fileRef = A8FCD58622800AEA001D0E5E /* Main.storyboard */; };
		A8FCD58A22800AEC001D0E5E /* Assets.xcassets in Resources */ = {isa = PBXBuildFile; fileRef = A8FCD58922800AEC001D0E5E /* Assets.xcassets */; };
		A8FCD58D22800AEC001D0E5E /* LaunchScreen.storyboard in Resources */ = {isa = PBXBuildFile; fileRef = A8FCD58B22800AEC001D0E5E /* LaunchScreen.storyboard */; };
		A8FCD59022800AEC001D0E5E /* main.m in Sources */ = {isa = PBXBuildFile; fileRef = A8FCD58F22800AEC001D0E5E /* main.m */; };
		A8FCD59A22800AEC001D0E5E /* THTKitUseUITests.m in Sources */ = {isa = PBXBuildFile; fileRef = A8FCD59922800AEC001D0E5E /* THTKitUseUITests.m */; };
		A8FCD5A722800B61001D0E5E /* THTViewController.m in Sources */ = {isa = PBXBuildFile; fileRef = A8FCD5A622800B61001D0E5E /* THTViewController.m */; };
/* End PBXBuildFile section */

/* Begin PBXContainerItemProxy section */
		A8FCD59622800AEC001D0E5E /* PBXContainerItemProxy */ = {
			isa = PBXContainerItemProxy;
			containerPortal = A8FCD57522800AEA001D0E5E /* Project object */;
			proxyType = 1;
			remoteGlobalIDString = A8FCD57C22800AEA001D0E5E;
			remoteInfo = THTKitUse;
		};
/* End PBXContainerItemProxy section */

/* Begin PBXFileReference section */
		A8FCD57D22800AEA001D0E5E /* THTKitUse.app */ = {isa = PBXFileReference; explicitFileType = wrapper.application; includeInIndex = 0; path = THTKitUse.app; sourceTree = BUILT_PRODUCTS_DIR; };
		A8FCD58022800AEA001D0E5E /* AppDelegate.h */ = {isa = PBXFileReference; lastKnownFileType = sourcecode.c.h; path = AppDelegate.h; sourceTree = "<group>"; };
		A8FCD58122800AEA001D0E5E /* AppDelegate.m */ = {isa = PBXFileReference; lastKnownFileType = sourcecode.c.objc; path = AppDelegate.m; sourceTree = "<group>"; };
		A8FCD58322800AEA001D0E5E /* ViewController.h */ = {isa = PBXFileReference; lastKnownFileType = sourcecode.c.h; path = ViewController.h; sourceTree = "<group>"; };
		A8FCD58422800AEA001D0E5E /* ViewController.m */ = {isa = PBXFileReference; lastKnownFileType = sourcecode.c.objc; path = ViewController.m; sourceTree = "<group>"; };
		A8FCD58722800AEA001D0E5E /* Base */ = {isa = PBXFileReference; lastKnownFileType = file.storyboard; name = Base; path = Base.lproj/Main.storyboard; sourceTree = "<group>"; };
		A8FCD58922800AEC001D0E5E /* Assets.xcassets */ = {isa = PBXFileReference; lastKnownFileType = folder.assetcatalog; path = Assets.xcassets; sourceTree = "<group>"; };
		A8FCD58C22800AEC001D0E5E /* Base */ = {isa = PBXFileReference; lastKnownFileType = file.storyboard; name = Base; path = Base.lproj/LaunchScreen.storyboard; sourceTree = "<group>"; };
		A8FCD58E22800AEC001D0E5E /* Info.plist */ = {isa = PBXFileReference; lastKnownFileType = text.plist.xml; path = Info.plist; sourceTree = "<group>"; };
		A8FCD58F22800AEC001D0E5E /* main.m */ = {isa = PBXFileReference; lastKnownFileType = sourcecode.c.objc; path = main.m; sourceTree = "<group>"; };
		A8FCD59522800AEC001D0E5E /* THTKitUseUITests.xctest */ = {isa = PBXFileReference; explicitFileType = wrapper.cfbundle; includeInIndex = 0; path = THTKitUseUITests.xctest; sourceTree = BUILT_PRODUCTS_DIR; };
		A8FCD59922800AEC001D0E5E /* THTKitUseUITests.m */ = {isa = PBXFileReference; lastKnownFileType = sourcecode.c.objc; path = THTKitUseUITests.m; sourceTree = "<group>"; };
		A8FCD59B22800AEC001D0E5E /* Info.plist */ = {isa = PBXFileReference; lastKnownFileType = text.plist.xml; path = Info.plist; sourceTree = "<group>"; };
		A8FCD5A522800B61001D0E5E /* THTViewController.h */ = {isa = PBXFileReference; lastKnownFileType = sourcecode.c.h; path = THTViewController.h; sourceTree = "<group>"; };
		A8FCD5A622800B61001D0E5E /* THTViewController.m */ = {isa = PBXFileReference; lastKnownFileType = sourcecode.c.objc; path = THTViewController.m; sourceTree = "<group>"; };
		A8FCD5AA22800C59001D0E5E /* THTKit.h */ = {isa = PBXFileReference; lastKnownFileType = sourcecode.c.h; path = THTKit.h; sourceTree = "<group>"; };
/* End PBXFileReference section */

/* Begin PBXFrameworksBuildPhase section */
		A8FCD57A22800AEA001D0E5E /* Frameworks */ = {
			isa = PBXFrameworksBuildPhase;
			buildActionMask = 2147483647;
			files = (
			);
			runOnlyForDeploymentPostprocessing = 0;
		};
		A8FCD59222800AEC001D0E5E /* Frameworks */ = {
			isa = PBXFrameworksBuildPhase;
			buildActionMask = 2147483647;
			files = (
			);
			runOnlyForDeploymentPostprocessing = 0;
		};
/* End PBXFrameworksBuildPhase section */

/* Begin PBXGroup section */
		A8FCD57422800AEA001D0E5E = {
			isa = PBXGroup;
			children = (
				A8FCD57F22800AEA001D0E5E /* THTKitUse */,
				A8FCD59822800AEC001D0E5E /* THTKitUseUITests */,
				A8FCD57E22800AEA001D0E5E /* Products */,
			);
			sourceTree = "<group>";
		};
		A8FCD57E22800AEA001D0E5E /* Products */ = {
			isa = PBXGroup;
			children = (
				A8FCD57D22800AEA001D0E5E /* THTKitUse.app */,
				A8FCD59522800AEC001D0E5E /* THTKitUseUITests.xctest */,
			);
			name = Products;
			sourceTree = "<group>";
		};
		A8FCD57F22800AEA001D0E5E /* THTKitUse */ = {
			isa = PBXGroup;
			children = (
				A8FCD5A422800AF6001D0E5E /* THTUIKit */,
				A8FCD58022800AEA001D0E5E /* AppDelegate.h */,
				A8FCD58122800AEA001D0E5E /* AppDelegate.m */,
				A8FCD58322800AEA001D0E5E /* ViewController.h */,
				A8FCD58422800AEA001D0E5E /* ViewController.m */,
				A8FCD58622800AEA001D0E5E /* Main.storyboard */,
				A8FCD58922800AEC001D0E5E /* Assets.xcassets */,
				A8FCD58B22800AEC001D0E5E /* LaunchScreen.storyboard */,
				A8FCD58E22800AEC001D0E5E /* Info.plist */,
				A8FCD58F22800AEC001D0E5E /* main.m */,
			);
			path = THTKitUse;
			sourceTree = "<group>";
		};
		A8FCD59822800AEC001D0E5E /* THTKitUseUITests */ = {
			isa = PBXGroup;
			children = (
				A8FCD59922800AEC001D0E5E /* THTKitUseUITests.m */,
				A8FCD59B22800AEC001D0E5E /* Info.plist */,
			);
			path = THTKitUseUITests;
			sourceTree = "<group>";
		};
		A8FCD5A422800AF6001D0E5E /* THTUIKit */ = {
			isa = PBXGroup;
			children = (
				A8FCD5AA22800C59001D0E5E /* THTKit.h */,
				A8FCD5A822800BB5001D0E5E /* THTUI */,
			);
			path = THTUIKit;
			sourceTree = "<group>";
		};
		A8FCD5A822800BB5001D0E5E /* THTUI */ = {
			isa = PBXGroup;
			children = (
				A8FCD5A522800B61001D0E5E /* THTViewController.h */,
				A8FCD5A622800B61001D0E5E /* THTViewController.m */,
			);
			path = THTUI;
			sourceTree = "<group>";
		};
/* End PBXGroup section */

/* Begin PBXNativeTarget section */
		A8FCD57C22800AEA001D0E5E /* THTKitUse */ = {
			isa = PBXNativeTarget;
			buildConfigurationList = A8FCD59E22800AEC001D0E5E /* Build configuration list for PBXNativeTarget "THTKitUse" */;
			buildPhases = (
				A8FCD57922800AEA001D0E5E /* Sources */,
				A8FCD57A22800AEA001D0E5E /* Frameworks */,
				A8FCD57B22800AEA001D0E5E /* Resources */,
			);
			buildRules = (
			);
			dependencies = (
			);
			name = THTKitUse;
			productName = THTKitUse;
			productReference = A8FCD57D22800AEA001D0E5E /* THTKitUse.app */;
			productType = "com.apple.product-type.application";
		};
		A8FCD59422800AEC001D0E5E /* THTKitUseUITests */ = {
			isa = PBXNativeTarget;
			buildConfigurationList = A8FCD5A122800AEC001D0E5E /* Build configuration list for PBXNativeTarget "THTKitUseUITests" */;
			buildPhases = (
				A8FCD59122800AEC001D0E5E /* Sources */,
				A8FCD59222800AEC001D0E5E /* Frameworks */,
				A8FCD59322800AEC001D0E5E /* Resources */,
			);
			buildRules = (
			);
			dependencies = (
				A8FCD59722800AEC001D0E5E /* PBXTargetDependency */,
			);
			name = THTKitUseUITests;
			productName = THTKitUseUITests;
			productReference = A8FCD59522800AEC001D0E5E /* THTKitUseUITests.xctest */;
			productType = "com.apple.product-type.bundle.ui-testing";
		};
/* End PBXNativeTarget section */

/* Begin PBXProject section */
		A8FCD57522800AEA001D0E5E /* Project object */ = {
			isa = PBXProject;
			attributes = {
				LastUpgradeCheck = 1020;
				ORGANIZATIONNAME = "周灿";
				TargetAttributes = {
					A8FCD57C22800AEA001D0E5E = {
						CreatedOnToolsVersion = 10.2.1;
					};
					A8FCD59422800AEC001D0E5E = {
						CreatedOnToolsVersion = 10.2.1;
						TestTargetID = A8FCD57C22800AEA001D0E5E;
					};
				};
			};
			buildConfigurationList = A8FCD57822800AEA001D0E5E /* Build configuration list for PBXProject "THTKitUse" */;
			compatibilityVersion = "Xcode 9.3";
			developmentRegion = en;
			hasScannedForEncodings = 0;
			knownRegions = (
				en,
				Base,
			);
			mainGroup = A8FCD57422800AEA001D0E5E;
			productRefGroup = A8FCD57E22800AEA001D0E5E /* Products */;
			projectDirPath = "";
			projectRoot = "";
			targets = (
				A8FCD57C22800AEA001D0E5E /* THTKitUse */,
				A8FCD59422800AEC001D0E5E /* THTKitUseUITests */,
			);
		};
/* End PBXProject section */

/* Begin PBXResourcesBuildPhase section */
		A8FCD57B22800AEA001D0E5E /* Resources */ = {
			isa = PBXResourcesBuildPhase;
			buildActionMask = 2147483647;
			files = (
				A8FCD58D22800AEC001D0E5E /* LaunchScreen.storyboard in Resources */,
				A8FCD58A22800AEC001D0E5E /* Assets.xcassets in Resources */,
				A8FCD58822800AEA001D0E5E /* Main.storyboard in Resources */,
			);
			runOnlyForDeploymentPostprocessing = 0;
		};
		A8FCD59322800AEC001D0E5E /* Resources */ = {
			isa = PBXResourcesBuildPhase;
			buildActionMask = 2147483647;
			files = (
			);
			runOnlyForDeploymentPostprocessing = 0;
		};
/* End PBXResourcesBuildPhase section */

/* Begin PBXSourcesBuildPhase section */
		A8FCD57922800AEA001D0E5E /* Sources */ = {
			isa = PBXSourcesBuildPhase;
			buildActionMask = 2147483647;
			files = (
				A8FCD58522800AEA001D0E5E /* ViewController.m in Sources */,
				A8FCD5A722800B61001D0E5E /* THTViewController.m in Sources */,
				A8FCD59022800AEC001D0E5E /* main.m in Sources */,
				A8FCD58222800AEA001D0E5E /* AppDelegate.m in Sources */,
			);
			runOnlyForDeploymentPostprocessing = 0;
		};
		A8FCD59122800AEC001D0E5E /* Sources */ = {
			isa = PBXSourcesBuildPhase;
			buildActionMask = 2147483647;
			files = (
				A8FCD59A22800AEC001D0E5E /* THTKitUseUITests.m in Sources */,
			);
			runOnlyForDeploymentPostprocessing = 0;
		};
/* End PBXSourcesBuildPhase section */

/* Begin PBXTargetDependency section */
		A8FCD59722800AEC001D0E5E /* PBXTargetDependency */ = {
			isa = PBXTargetDependency;
			target = A8FCD57C22800AEA001D0E5E /* THTKitUse */;
			targetProxy = A8FCD59622800AEC001D0E5E /* PBXContainerItemProxy */;
		};
/* End PBXTargetDependency section */

/* Begin PBXVariantGroup section */
		A8FCD58622800AEA001D0E5E /* Main.storyboard */ = {
			isa = PBXVariantGroup;
			children = (
				A8FCD58722800AEA001D0E5E /* Base */,
			);
			name = Main.storyboard;
			sourceTree = "<group>";
		};
		A8FCD58B22800AEC001D0E5E /* LaunchScreen.storyboard */ = {
			isa = PBXVariantGroup;
			children = (
				A8FCD58C22800AEC001D0E5E /* Base */,
			);
			name = LaunchScreen.storyboard;
			sourceTree = "<group>";
		};
/* End PBXVariantGroup section */

/* Begin XCBuildConfiguration section */
		A8FCD59C22800AEC001D0E5E /* Debug */ = {
			isa = XCBuildConfiguration;
			buildSettings = {
				ALWAYS_SEARCH_USER_PATHS = NO;
				CLANG_ANALYZER_NONNULL = YES;
				CLANG_ANALYZER_NUMBER_OBJECT_CONVERSION = YES_AGGRESSIVE;
				CLANG_CXX_LANGUAGE_STANDARD = "gnu++14";
				CLANG_CXX_LIBRARY = "libc++";
				CLANG_ENABLE_MODULES = YES;
				CLANG_ENABLE_OBJC_ARC = YES;
				CLANG_ENABLE_OBJC_WEAK = YES;
				CLANG_WARN_BLOCK_CAPTURE_AUTORELEASING = YES;
				CLANG_WARN_BOOL_CONVERSION = YES;
				CLANG_WARN_COMMA = YES;
				CLANG_WARN_CONSTANT_CONVERSION = YES;
				CLANG_WARN_DEPRECATED_OBJC_IMPLEMENTATIONS = YES;
				CLANG_WARN_DIRECT_OBJC_ISA_USAGE = YES_ERROR;
				CLANG_WARN_DOCUMENTATION_COMMENTS = YES;
				CLANG_WARN_EMPTY_BODY = YES;
				CLANG_WARN_ENUM_CONVERSION = YES;
				CLANG_WARN_INFINITE_RECURSION = YES;
				CLANG_WARN_INT_CONVERSION = YES;
				CLANG_WARN_NON_LITERAL_NULL_CONVERSION = YES;
				CLANG_WARN_OBJC_IMPLICIT_RETAIN_SELF = YES;
				CLANG_WARN_OBJC_LITERAL_CONVERSION = YES;
				CLANG_WARN_OBJC_ROOT_CLASS = YES_ERROR;
				CLANG_WARN_RANGE_LOOP_ANALYSIS = YES;
				CLANG_WARN_STRICT_PROTOTYPES = YES;
				CLANG_WARN_SUSPICIOUS_MOVE = YES;
				CLANG_WARN_UNGUARDED_AVAILABILITY = YES_AGGRESSIVE;
				CLANG_WARN_UNREACHABLE_CODE = YES;
				CLANG_WARN__DUPLICATE_METHOD_MATCH = YES;
				CODE_SIGN_IDENTITY = "iPhone Developer";
				COPY_PHASE_STRIP = NO;
				DEBUG_INFORMATION_FORMAT = dwarf;
				ENABLE_STRICT_OBJC_MSGSEND = YES;
				ENABLE_TESTABILITY = YES;
				GCC_C_LANGUAGE_STANDARD = gnu11;
				GCC_DYNAMIC_NO_PIC = NO;
				GCC_NO_COMMON_BLOCKS = YES;
				GCC_OPTIMIZATION_LEVEL = 0;
				GCC_PREPROCESSOR_DEFINITIONS = (
					"DEBUG=1",
					"$(inherited)",
				);
				GCC_WARN_64_TO_32_BIT_CONVERSION = YES;
				GCC_WARN_ABOUT_RETURN_TYPE = YES_ERROR;
				GCC_WARN_UNDECLARED_SELECTOR = YES;
				GCC_WARN_UNINITIALIZED_AUTOS = YES_AGGRESSIVE;
				GCC_WARN_UNUSED_FUNCTION = YES;
				GCC_WARN_UNUSED_VARIABLE = YES;
				IPHONEOS_DEPLOYMENT_TARGET = 12.2;
				MTL_ENABLE_DEBUG_INFO = INCLUDE_SOURCE;
				MTL_FAST_MATH = YES;
				ONLY_ACTIVE_ARCH = YES;
				SDKROOT = iphoneos;
			};
			name = Debug;
		};
		A8FCD59D22800AEC001D0E5E /* Release */ = {
			isa = XCBuildConfiguration;
			buildSettings = {
				ALWAYS_SEARCH_USER_PATHS = NO;
				CLANG_ANALYZER_NONNULL = YES;
				CLANG_ANALYZER_NUMBER_OBJECT_CONVERSION = YES_AGGRESSIVE;
				CLANG_CXX_LANGUAGE_STANDARD = "gnu++14";
				CLANG_CXX_LIBRARY = "libc++";
				CLANG_ENABLE_MODULES = YES;
				CLANG_ENABLE_OBJC_ARC = YES;
				CLANG_ENABLE_OBJC_WEAK = YES;
				CLANG_WARN_BLOCK_CAPTURE_AUTORELEASING = YES;
				CLANG_WARN_BOOL_CONVERSION = YES;
				CLANG_WARN_COMMA = YES;
				CLANG_WARN_CONSTANT_CONVERSION = YES;
				CLANG_WARN_DEPRECATED_OBJC_IMPLEMENTATIONS = YES;
				CLANG_WARN_DIRECT_OBJC_ISA_USAGE = YES_ERROR;
				CLANG_WARN_DOCUMENTATION_COMMENTS = YES;
				CLANG_WARN_EMPTY_BODY = YES;
				CLANG_WARN_ENUM_CONVERSION = YES;
				CLANG_WARN_INFINITE_RECURSION = YES;
				CLANG_WARN_INT_CONVERSION = YES;
				CLANG_WARN_NON_LITERAL_NULL_CONVERSION = YES;
				CLANG_WARN_OBJC_IMPLICIT_RETAIN_SELF = YES;
				CLANG_WARN_OBJC_LITERAL_CONVERSION = YES;
				CLANG_WARN_OBJC_ROOT_CLASS = YES_ERROR;
				CLANG_WARN_RANGE_LOOP_ANALYSIS = YES;
				CLANG_WARN_STRICT_PROTOTYPES = YES;
				CLANG_WARN_SUSPICIOUS_MOVE = YES;
				CLANG_WARN_UNGUARDED_AVAILABILITY = YES_AGGRESSIVE;
				CLANG_WARN_UNREACHABLE_CODE = YES;
				CLANG_WARN__DUPLICATE_METHOD_MATCH = YES;
				CODE_SIGN_IDENTITY = "iPhone Developer";
				COPY_PHASE_STRIP = NO;
				DEBUG_INFORMATION_FORMAT = "dwarf-with-dsym";
				ENABLE_NS_ASSERTIONS = NO;
				ENABLE_STRICT_OBJC_MSGSEND = YES;
				GCC_C_LANGUAGE_STANDARD = gnu11;
				GCC_NO_COMMON_BLOCKS = YES;
				GCC_WARN_64_TO_32_BIT_CONVERSION = YES;
				GCC_WARN_ABOUT_RETURN_TYPE = YES_ERROR;
				GCC_WARN_UNDECLARED_SELECTOR = YES;
				GCC_WARN_UNINITIALIZED_AUTOS = YES_AGGRESSIVE;
				GCC_WARN_UNUSED_FUNCTION = YES;
				GCC_WARN_UNUSED_VARIABLE = YES;
				IPHONEOS_DEPLOYMENT_TARGET = 12.2;
				MTL_ENABLE_DEBUG_INFO = NO;
				MTL_FAST_MATH = YES;
				SDKROOT = iphoneos;
				VALIDATE_PRODUCT = YES;
			};
			name = Release;
		};
		A8FCD59F22800AEC001D0E5E /* Debug */ = {
			isa = XCBuildConfiguration;
			buildSettings = {
				ASSETCATALOG_COMPILER_APPICON_NAME = AppIcon;
				CODE_SIGN_STYLE = Automatic;
				INFOPLIST_FILE = THTKitUse/Info.plist;
				LD_RUNPATH_SEARCH_PATHS = (
					"$(inherited)",
					"@executable_path/Frameworks",
				);
				PRODUCT_BUNDLE_IDENTIFIER = new.THTKitUse;
				PRODUCT_NAME = "$(TARGET_NAME)";
				TARGETED_DEVICE_FAMILY = "1,2";
			};
			name = Debug;
		};
		A8FCD5A022800AEC001D0E5E /* Release */ = {
			isa = XCBuildConfiguration;
			buildSettings = {
				ASSETCATALOG_COMPILER_APPICON_NAME = AppIcon;
				CODE_SIGN_STYLE = Automatic;
				INFOPLIST_FILE = THTKitUse/Info.plist;
				LD_RUNPATH_SEARCH_PATHS = (
					"$(inherited)",
					"@executable_path/Frameworks",
				);
				PRODUCT_BUNDLE_IDENTIFIER = new.THTKitUse;
				PRODUCT_NAME = "$(TARGET_NAME)";
				TARGETED_DEVICE_FAMILY = "1,2";
			};
			name = Release;
		};
		A8FCD5A222800AEC001D0E5E /* Debug */ = {
			isa = XCBuildConfiguration;
			buildSettings = {
				CODE_SIGN_STYLE = Automatic;
				INFOPLIST_FILE = THTKitUseUITests/Info.plist;
				LD_RUNPATH_SEARCH_PATHS = (
					"$(inherited)",
					"@executable_path/Frameworks",
					"@loader_path/Frameworks",
				);
				PRODUCT_BUNDLE_IDENTIFIER = new.THTKitUseUITests;
				PRODUCT_NAME = "$(TARGET_NAME)";
				TARGETED_DEVICE_FAMILY = "1,2";
				TEST_TARGET_NAME = THTKitUse;
			};
			name = Debug;
		};
		A8FCD5A322800AEC001D0E5E /* Release */ = {
			isa = XCBuildConfiguration;
			buildSettings = {
				CODE_SIGN_STYLE = Automatic;
				INFOPLIST_FILE = THTKitUseUITests/Info.plist;
				LD_RUNPATH_SEARCH_PATHS = (
					"$(inherited)",
					"@executable_path/Frameworks",
					"@loader_path/Frameworks",
				);
				PRODUCT_BUNDLE_IDENTIFIER = new.THTKitUseUITests;
				PRODUCT_NAME = "$(TARGET_NAME)";
				TARGETED_DEVICE_FAMILY = "1,2";
				TEST_TARGET_NAME = THTKitUse;
			};
			name = Release;
		};
/* End XCBuildConfiguration section */

/* Begin XCConfigurationList section */
		A8FCD57822800AEA001D0E5E /* Build configuration list for PBXProject "THTKitUse" */ = {
			isa = XCConfigurationList;
			buildConfigurations = (
				A8FCD59C22800AEC001D0E5E /* Debug */,
				A8FCD59D22800AEC001D0E5E /* Release */,
			);
			defaultConfigurationIsVisible = 0;
			defaultConfigurationName = Release;
		};
		A8FCD59E22800AEC001D0E5E /* Build configuration list for PBXNativeTarget "THTKitUse" */ = {
			isa = XCConfigurationList;
			buildConfigurations = (
				A8FCD59F22800AEC001D0E5E /* Debug */,
				A8FCD5A022800AEC001D0E5E /* Release */,
			);
			defaultConfigurationIsVisible = 0;
			defaultConfigurationName = Release;
		};
		A8FCD5A122800AEC001D0E5E /* Build configuration list for PBXNativeTarget "THTKitUseUITests" */ = {
			isa = XCConfigurationList;
			buildConfigurations = (
				A8FCD5A222800AEC001D0E5E /* Debug */,
				A8FCD5A322800AEC001D0E5E /* Release */,
			);
			defaultConfigurationIsVisible = 0;
			defaultConfigurationName = Release;
		};
/* End XCConfigurationList section */
	};
	rootObject = A8FCD57522800AEA001D0E5E /* Project object */;
}
